// !$*UTF8*$!
{
	archiveVersion = 1;
	classes = {
	};
	objectVersion = 48;
	objects = {

/* Begin PBXBuildFile section */
		02029AA24F3D09D38FCF2B53 /* Pods_Offices.framework in Frameworks */ = {isa = PBXBuildFile; fileRef = 0A92495E561265B98F257FFA /* Pods_Offices.framework */; };
		841940C41FC0617D0051558D /* MainVC.swift in Sources */ = {isa = PBXBuildFile; fileRef = 841940C31FC0617D0051558D /* MainVC.swift */; };
		841940C61FC071170051558D /* ServerManager.swift in Sources */ = {isa = PBXBuildFile; fileRef = 841940C51FC071170051558D /* ServerManager.swift */; };
		8469D69C1FC0532E00AC3DC2 /* AppDelegate.swift in Sources */ = {isa = PBXBuildFile; fileRef = 8469D69B1FC0532E00AC3DC2 /* AppDelegate.swift */; };
		8469D6A31FC0532E00AC3DC2 /* Assets.xcassets in Resources */ = {isa = PBXBuildFile; fileRef = 8469D6A21FC0532E00AC3DC2 /* Assets.xcassets */; };
		8469D6A61FC0532E00AC3DC2 /* LaunchScreen.storyboard in Resources */ = {isa = PBXBuildFile; fileRef = 8469D6A41FC0532E00AC3DC2 /* LaunchScreen.storyboard */; };
/* End PBXBuildFile section */

/* Begin PBXFileReference section */
		0A92495E561265B98F257FFA /* Pods_Offices.framework */ = {isa = PBXFileReference; explicitFileType = wrapper.framework; includeInIndex = 0; path = Pods_Offices.framework; sourceTree = BUILT_PRODUCTS_DIR; };
		60DC76277A81CF1AC37BDDE2 /* Pods-Offices.debug.xcconfig */ = {isa = PBXFileReference; includeInIndex = 1; lastKnownFileType = text.xcconfig; name = "Pods-Offices.debug.xcconfig"; path = "Pods/Target Support Files/Pods-Offices/Pods-Offices.debug.xcconfig"; sourceTree = "<group>"; };
		841940C31FC0617D0051558D /* MainVC.swift */ = {isa = PBXFileReference; lastKnownFileType = sourcecode.swift; path = MainVC.swift; sourceTree = "<group>"; };
		841940C51FC071170051558D /* ServerManager.swift */ = {isa = PBXFileReference; lastKnownFileType = sourcecode.swift; path = ServerManager.swift; sourceTree = "<group>"; };
		8469D6981FC0532E00AC3DC2 /* Offices.app */ = {isa = PBXFileReference; explicitFileType = wrapper.application; includeInIndex = 0; path = Offices.app; sourceTree = BUILT_PRODUCTS_DIR; };
		8469D69B1FC0532E00AC3DC2 /* AppDelegate.swift */ = {isa = PBXFileReference; lastKnownFileType = sourcecode.swift; path = AppDelegate.swift; sourceTree = "<group>"; };
		8469D6A21FC0532E00AC3DC2 /* Assets.xcassets */ = {isa = PBXFileReference; lastKnownFileType = folder.assetcatalog; path = Assets.xcassets; sourceTree = "<group>"; };
		8469D6A51FC0532E00AC3DC2 /* Base */ = {isa = PBXFileReference; lastKnownFileType = file.storyboard; name = Base; path = Base.lproj/LaunchScreen.storyboard; sourceTree = "<group>"; };
		8469D6A71FC0532E00AC3DC2 /* Info.plist */ = {isa = PBXFileReference; lastKnownFileType = text.plist.xml; path = Info.plist; sourceTree = "<group>"; };
		9B55B5800D6C9FDBB13D3DC9 /* Pods-Offices.release.xcconfig */ = {isa = PBXFileReference; includeInIndex = 1; lastKnownFileType = text.xcconfig; name = "Pods-Offices.release.xcconfig"; path = "Pods/Target Support Files/Pods-Offices/Pods-Offices.release.xcconfig"; sourceTree = "<group>"; };
/* End PBXFileReference section */

/* Begin PBXFrameworksBuildPhase section */
		8469D6951FC0532E00AC3DC2 /* Frameworks */ = {
			isa = PBXFrameworksBuildPhase;
			buildActionMask = 2147483647;
			files = (
				02029AA24F3D09D38FCF2B53 /* Pods_Offices.framework in Frameworks */,
			);
			runOnlyForDeploymentPostprocessing = 0;
		};
/* End PBXFrameworksBuildPhase section */

/* Begin PBXGroup section */
		22995358FA9856E353AE234B /* Pods */ = {
			isa = PBXGroup;
			children = (
				60DC76277A81CF1AC37BDDE2 /* Pods-Offices.debug.xcconfig */,
				9B55B5800D6C9FDBB13D3DC9 /* Pods-Offices.release.xcconfig */,
			);
			name = Pods;
			sourceTree = "<group>";
		};
		66F6F938666969333EFD1D41 /* Frameworks */ = {
			isa = PBXGroup;
			children = (
				0A92495E561265B98F257FFA /* Pods_Offices.framework */,
			);
			name = Frameworks;
			sourceTree = "<group>";
		};
		8469D68F1FC0532E00AC3DC2 = {
			isa = PBXGroup;
			children = (
				8469D69A1FC0532E00AC3DC2 /* Offices */,
				8469D6991FC0532E00AC3DC2 /* Products */,
				22995358FA9856E353AE234B /* Pods */,
				66F6F938666969333EFD1D41 /* Frameworks */,
			);
			sourceTree = "<group>";
		};
		8469D6991FC0532E00AC3DC2 /* Products */ = {
			isa = PBXGroup;
			children = (
				8469D6981FC0532E00AC3DC2 /* Offices.app */,
			);
			name = Products;
			sourceTree = "<group>";
		};
		8469D69A1FC0532E00AC3DC2 /* Offices */ = {
			isa = PBXGroup;
			children = (
				8469D69B1FC0532E00AC3DC2 /* AppDelegate.swift */,
				841940C51FC071170051558D /* ServerManager.swift */,
				841940C31FC0617D0051558D /* MainVC.swift */,
				8469D6A21FC0532E00AC3DC2 /* Assets.xcassets */,
				8469D6A41FC0532E00AC3DC2 /* LaunchScreen.storyboard */,
				8469D6A71FC0532E00AC3DC2 /* Info.plist */,
			);
			path = Offices;
			sourceTree = "<group>";
		};
/* End PBXGroup section */

/* Begin PBXNativeTarget section */
		8469D6971FC0532E00AC3DC2 /* Offices */ = {
			isa = PBXNativeTarget;
			buildConfigurationList = 8469D6AA1FC0532E00AC3DC2 /* Build configuration list for PBXNativeTarget "Offices" */;
			buildPhases = (
				69064A8045962EF5B55E3E20 /* [CP] Check Pods Manifest.lock */,
				8469D6941FC0532E00AC3DC2 /* Sources */,
				8469D6951FC0532E00AC3DC2 /* Frameworks */,
				8469D6961FC0532E00AC3DC2 /* Resources */,
				B74AB6C13033EAA0CE176D2F /* [CP] Embed Pods Frameworks */,
				A38E6349632FA3AE7133EE27 /* [CP] Copy Pods Resources */,
			);
			buildRules = (
			);
			dependencies = (
			);
			name = Offices;
			productName = Offices;
			productReference = 8469D6981FC0532E00AC3DC2 /* Offices.app */;
			productType = "com.apple.product-type.application";
		};
/* End PBXNativeTarget section */

/* Begin PBXProject section */
		8469D6901FC0532E00AC3DC2 /* Project object */ = {
			isa = PBXProject;
			attributes = {
				LastSwiftUpdateCheck = 0910;
				LastUpgradeCheck = 0910;
				ORGANIZATIONNAME = Admin;
				TargetAttributes = {
					8469D6971FC0532E00AC3DC2 = {
						CreatedOnToolsVersion = 9.1;
						ProvisioningStyle = Automatic;
					};
				};
			};
			buildConfigurationList = 8469D6931FC0532E00AC3DC2 /* Build configuration list for PBXProject "Offices" */;
			compatibilityVersion = "Xcode 8.0";
			developmentRegion = en;
			hasScannedForEncodings = 0;
			knownRegions = (
				en,
				Base,
			);
			mainGroup = 8469D68F1FC0532E00AC3DC2;
			productRefGroup = 8469D6991FC0532E00AC3DC2 /* Products */;
			projectDirPath = "";
			projectRoot = "";
			targets = (
				8469D6971FC0532E00AC3DC2 /* Offices */,
			);
		};
/* End PBXProject section */

/* Begin PBXResourcesBuildPhase section */
		8469D6961FC0532E00AC3DC2 /* Resources */ = {
			isa = PBXResourcesBuildPhase;
			buildActionMask = 2147483647;
			files = (
				8469D6A61FC0532E00AC3DC2 /* LaunchScreen.storyboard in Resources */,
				8469D6A31FC0532E00AC3DC2 /* Assets.xcassets in Resources */,
			);
			runOnlyForDeploymentPostprocessing = 0;
		};
/* End PBXResourcesBuildPhase section */

/* Begin PBXShellScriptBuildPhase section */
		69064A8045962EF5B55E3E20 /* [CP] Check Pods Manifest.lock */ = {
			isa = PBXShellScriptBuildPhase;
			buildActionMask = 2147483647;
			files = (
			);
			inputPaths = (
				"${PODS_PODFILE_DIR_PATH}/Podfile.lock",
				"${PODS_ROOT}/Manifest.lock",
			);
			name = "[CP] Check Pods Manifest.lock";
			outputPaths = (
				"$(DERIVED_FILE_DIR)/Pods-Offices-checkManifestLockResult.txt",
			);
			runOnlyForDeploymentPostprocessing = 0;
			shellPath = /bin/sh;
			shellScript = "diff \"${PODS_PODFILE_DIR_PATH}/Podfile.lock\" \"${PODS_ROOT}/Manifest.lock\" > /dev/null\nif [ $? != 0 ] ; then\n    # print error to STDERR\n    echo \"error: The sandbox is not in sync with the Podfile.lock. Run 'pod install' or update your CocoaPods installation.\" >&2\n    exit 1\nfi\n# This output is used by Xcode 'outputs' to avoid re-running this script phase.\necho \"SUCCESS\" > \"${SCRIPT_OUTPUT_FILE_0}\"\n";
			showEnvVarsInLog = 0;
		};
		A38E6349632FA3AE7133EE27 /* [CP] Copy Pods Resources */ = {
			isa = PBXShellScriptBuildPhase;
			buildActionMask = 2147483647;
			files = (
			);
			inputPaths = (
			);
			name = "[CP] Copy Pods Resources";
			outputPaths = (
			);
			runOnlyForDeploymentPostprocessing = 0;
			shellPath = /bin/sh;
			shellScript = "\"${SRCROOT}/Pods/Target Support Files/Pods-Offices/Pods-Offices-resources.sh\"\n";
			showEnvVarsInLog = 0;
		};
		B74AB6C13033EAA0CE176D2F /* [CP] Embed Pods Frameworks */ = {
			isa = PBXShellScriptBuildPhase;
			buildActionMask = 2147483647;
			files = (
			);
			inputPaths = (
				"${SRCROOT}/Pods/Target Support Files/Pods-Offices/Pods-Offices-frameworks.sh",
				"${BUILT_PRODUCTS_DIR}/Alamofire/Alamofire.framework",
				"${BUILT_PRODUCTS_DIR}/Moya/Moya.framework",
				"${BUILT_PRODUCTS_DIR}/Result/Result.framework",
			);
			name = "[CP] Embed Pods Frameworks";
			outputPaths = (
				"${TARGET_BUILD_DIR}/${FRAMEWORKS_FOLDER_PATH}/Alamofire.framework",
				"${TARGET_BUILD_DIR}/${FRAMEWORKS_FOLDER_PATH}/Moya.framework",
				"${TARGET_BUILD_DIR}/${FRAMEWORKS_FOLDER_PATH}/Result.framework",
			);
			runOnlyForDeploymentPostprocessing = 0;
			shellPath = /bin/sh;
			shellScript = "\"${SRCROOT}/Pods/Target Support Files/Pods-Offices/Pods-Offices-frameworks.sh\"\n";
			showEnvVarsInLog = 0;
		};
/* End PBXShellScriptBuildPhase section */

/* Begin PBXSourcesBuildPhase section */
		8469D6941FC0532E00AC3DC2 /* Sources */ = {
			isa = PBXSourcesBuildPhase;
			buildActionMask = 2147483647;
			files = (
				8469D69C1FC0532E00AC3DC2 /* AppDelegate.swift in Sources */,
				841940C61FC071170051558D /* ServerManager.swift in Sources */,
				841940C41FC0617D0051558D /* MainVC.swift in Sources */,
			);
			runOnlyForDeploymentPostprocessing = 0;
		};
/* End PBXSourcesBuildPhase section */

/* Begin PBXVariantGroup section */
		8469D6A41FC0532E00AC3DC2 /* LaunchScreen.storyboard */ = {
			isa = PBXVariantGroup;
			children = (
				8469D6A51FC0532E00AC3DC2 /* Base */,
			);
			name = LaunchScreen.storyboard;
			sourceTree = "<group>";
		};
/* End PBXVariantGroup section */

/* Begin XCBuildConfiguration section */
		8469D6A81FC0532E00AC3DC2 /* Debug */ = {
			isa = XCBuildConfiguration;
			buildSettings = {
				ALWAYS_SEARCH_USER_PATHS = NO;
				CLANG_ANALYZER_NONNULL = YES;
				CLANG_ANALYZER_NUMBER_OBJECT_CONVERSION = YES_AGGRESSIVE;
				CLANG_CXX_LANGUAGE_STANDARD = "gnu++14";
				CLANG_CXX_LIBRARY = "libc++";
				CLANG_ENABLE_MODULES = YES;
				CLANG_ENABLE_OBJC_ARC = YES;
				CLANG_WARN_BLOCK_CAPTURE_AUTORELEASING = YES;
				CLANG_WARN_BOOL_CONVERSION = YES;
				CLANG_WARN_COMMA = YES;
				CLANG_WARN_CONSTANT_CONVERSION = YES;
				CLANG_WARN_DIRECT_OBJC_ISA_USAGE = YES_ERROR;
				CLANG_WARN_DOCUMENTATION_COMMENTS = YES;
				CLANG_WARN_EMPTY_BODY = YES;
				CLANG_WARN_ENUM_CONVERSION = YES;
				CLANG_WARN_INFINITE_RECURSION = YES;
				CLANG_WARN_INT_CONVERSION = YES;
				CLANG_WARN_NON_LITERAL_NULL_CONVERSION = YES;
				CLANG_WARN_OBJC_LITERAL_CONVERSION = YES;
				CLANG_WARN_OBJC_ROOT_CLASS = YES_ERROR;
				CLANG_WARN_RANGE_LOOP_ANALYSIS = YES;
				CLANG_WARN_STRICT_PROTOTYPES = YES;
				CLANG_WARN_SUSPICIOUS_MOVE = YES;
				CLANG_WARN_UNGUARDED_AVAILABILITY = YES_AGGRESSIVE;
				CLANG_WARN_UNREACHABLE_CODE = YES;
				CLANG_WARN__DUPLICATE_METHOD_MATCH = YES;
				CODE_SIGN_IDENTITY = "iPhone Developer";
				COPY_PHASE_STRIP = NO;
				DEBUG_INFORMATION_FORMAT = dwarf;
				ENABLE_STRICT_OBJC_MSGSEND = YES;
				ENABLE_TESTABILITY = YES;
				GCC_C_LANGUAGE_STANDARD = gnu11;
				GCC_DYNAMIC_NO_PIC = NO;
				GCC_NO_COMMON_BLOCKS = YES;
				GCC_OPTIMIZATION_LEVEL = 0;
				GCC_PREPROCESSOR_DEFINITIONS = (
					"DEBUG=1",
					"$(inherited)",
				);
				GCC_WARN_64_TO_32_BIT_CONVERSION = YES;
				GCC_WARN_ABOUT_RETURN_TYPE = YES_ERROR;
				GCC_WARN_UNDECLARED_SELECTOR = YES;
				GCC_WARN_UNINITIALIZED_AUTOS = YES_AGGRESSIVE;
				GCC_WARN_UNUSED_FUNCTION = YES;
				GCC_WARN_UNUSED_VARIABLE = YES;
				IPHONEOS_DEPLOYMENT_TARGET = 11.1;
				MTL_ENABLE_DEBUG_INFO = YES;
				ONLY_ACTIVE_ARCH = YES;
				SDKROOT = iphoneos;
				SWIFT_ACTIVE_COMPILATION_CONDITIONS = DEBUG;
				SWIFT_OPTIMIZATION_LEVEL = "-Onone";
			};
			name = Debug;
		};
		8469D6A91FC0532E00AC3DC2 /* Release */ = {
			isa = XCBuildConfiguration;
			buildSettings = {
				ALWAYS_SEARCH_USER_PATHS = NO;
				CLANG_ANALYZER_NONNULL = YES;
				CLANG_ANALYZER_NUMBER_OBJECT_CONVERSION = YES_AGGRESSIVE;
				CLANG_CXX_LANGUAGE_STANDARD = "gnu++14";
				CLANG_CXX_LIBRARY = "libc++";
				CLANG_ENABLE_MODULES = YES;
				CLANG_ENABLE_OBJC_ARC = YES;
				CLANG_WARN_BLOCK_CAPTURE_AUTORELEASING = YES;
				CLANG_WARN_BOOL_CONVERSION = YES;
				CLANG_WARN_COMMA = YES;
				CLANG_WARN_CONSTANT_CONVERSION = YES;
				CLANG_WARN_DIRECT_OBJC_ISA_USAGE = YES_ERROR;
				CLANG_WARN_DOCUMENTATION_COMMENTS = YES;
				CLANG_WARN_EMPTY_BODY = YES;
				CLANG_WARN_ENUM_CONVERSION = YES;
				CLANG_WARN_INFINITE_RECURSION = YES;
				CLANG_WARN_INT_CONVERSION = YES;
				CLANG_WARN_NON_LITERAL_NULL_CONVERSION = YES;
				CLANG_WARN_OBJC_LITERAL_CONVERSION = YES;
				CLANG_WARN_OBJC_ROOT_CLASS = YES_ERROR;
				CLANG_WARN_RANGE_LOOP_ANALYSIS = YES;
				CLANG_WARN_STRICT_PROTOTYPES = YES;
				CLANG_WARN_SUSPICIOUS_MOVE = YES;
				CLANG_WARN_UNGUARDED_AVAILABILITY = YES_AGGRESSIVE;
				CLANG_WARN_UNREACHABLE_CODE = YES;
				CLANG_WARN__DUPLICATE_METHOD_MATCH = YES;
				CODE_SIGN_IDENTITY = "iPhone Developer";
				COPY_PHASE_STRIP = NO;
				DEBUG_INFORMATION_FORMAT = "dwarf-with-dsym";
				ENABLE_NS_ASSERTIONS = NO;
				ENABLE_STRICT_OBJC_MSGSEND = YES;
				GCC_C_LANGUAGE_STANDARD = gnu11;
				GCC_NO_COMMON_BLOCKS = YES;
				GCC_WARN_64_TO_32_BIT_CONVERSION = YES;
				GCC_WARN_ABOUT_RETURN_TYPE = YES_ERROR;
				GCC_WARN_UNDECLARED_SELECTOR = YES;
				GCC_WARN_UNINITIALIZED_AUTOS = YES_AGGRESSIVE;
				GCC_WARN_UNUSED_FUNCTION = YES;
				GCC_WARN_UNUSED_VARIABLE = YES;
				IPHONEOS_DEPLOYMENT_TARGET = 11.1;
				MTL_ENABLE_DEBUG_INFO = NO;
				SDKROOT = iphoneos;
				SWIFT_OPTIMIZATION_LEVEL = "-Owholemodule";
				VALIDATE_PRODUCT = YES;
			};
			name = Release;
		};
		8469D6AB1FC0532E00AC3DC2 /* Debug */ = {
			isa = XCBuildConfiguration;
			baseConfigurationReference = 60DC76277A81CF1AC37BDDE2 /* Pods-Offices.debug.xcconfig */;
			buildSettings = {
				ASSETCATALOG_COMPILER_APPICON_NAME = AppIcon;
				CODE_SIGN_STYLE = Automatic;
				DEVELOPMENT_TEAM = 2KV6EN8LST;
				INFOPLIST_FILE = Offices/Info.plist;
				LD_RUNPATH_SEARCH_PATHS = "$(inherited) @executable_path/Frameworks";
				PRODUCT_BUNDLE_IDENTIFIER = DraenorCompany.Offices;
				PRODUCT_NAME = "$(TARGET_NAME)";
				SWIFT_VERSION = 4.0;
				TARGETED_DEVICE_FAMILY = "1,2";
			};
			name = Debug;
		};
		8469D6AC1FC0532E00AC3DC2 /* Release */ = {
			isa = XCBuildConfiguration;
			baseConfigurationReference = 9B55B5800D6C9FDBB13D3DC9 /* Pods-Offices.release.xcconfig */;
			buildSettings = {
				ASSETCATALOG_COMPILER_APPICON_NAME = AppIcon;
				CODE_SIGN_STYLE = Automatic;
				DEVELOPMENT_TEAM = 2KV6EN8LST;
				INFOPLIST_FILE = Offices/Info.plist;
				LD_RUNPATH_SEARCH_PATHS = "$(inherited) @executable_path/Frameworks";
				PRODUCT_BUNDLE_IDENTIFIER = DraenorCompany.Offices;
				PRODUCT_NAME = "$(TARGET_NAME)";
				SWIFT_VERSION = 4.0;
				TARGETED_DEVICE_FAMILY = "1,2";
			};
			name = Release;
		};
/* End XCBuildConfiguration section */

/* Begin XCConfigurationList section */
		8469D6931FC0532E00AC3DC2 /* Build configuration list for PBXProject "Offices" */ = {
			isa = XCConfigurationList;
			buildConfigurations = (
				8469D6A81FC0532E00AC3DC2 /* Debug */,
				8469D6A91FC0532E00AC3DC2 /* Release */,
			);
			defaultConfigurationIsVisible = 0;
			defaultConfigurationName = Release;
		};
		8469D6AA1FC0532E00AC3DC2 /* Build configuration list for PBXNativeTarget "Offices" */ = {
			isa = XCConfigurationList;
			buildConfigurations = (
				8469D6AB1FC0532E00AC3DC2 /* Debug */,
				8469D6AC1FC0532E00AC3DC2 /* Release */,
			);
			defaultConfigurationIsVisible = 0;
			defaultConfigurationName = Release;
		};
/* End XCConfigurationList section */
	};
	rootObject = 8469D6901FC0532E00AC3DC2 /* Project object */;
}
